
Microsoft Visual Studio Solution File, Format Version 12.00
# Visual Studio 15
VisualStudioVersion = 15.0.27130.2003
MinimumVisualStudioVersion = 10.0.40219.1
Project("{2150E333-8FDC-42A3-9474-1A3956D46DE8}") = "src", "src", "{E544DEA9-CB69-42FA-A81A-131FE2952CFA}"
EndProject
Project("{2150E333-8FDC-42A3-9474-1A3956D46DE8}") = "test", "test", "{BD9D219F-6571-44FC-973F-77DB86ECA9EF}"
EndProject
Project("{2150E333-8FDC-42A3-9474-1A3956D46DE8}") = "Infrastructure", "Infrastructure", "{90AF3EED-FCB7-48B4-9C7D-26E22F35450C}"
EndProject
Project("{2150E333-8FDC-42A3-9474-1A3956D46DE8}") = "Services", "Services", "{AEE7F4EF-54A4-4498-B86D-BFAC9AE0008F}"
EndProject
Project("{2150E333-8FDC-42A3-9474-1A3956D46DE8}") = "Services", "Services", "{83594136-7608-4226-9043-68B62AB50144}"
EndProject
Project("{2150E333-8FDC-42A3-9474-1A3956D46DE8}") = "EventBus", "EventBus", "{ECFD21BC-6B0E-4FCF-A333-F742932A27EB}"
EndProject
Project("{9A19103F-16F7-4668-BE54-9A1E7A4F7556}") = "EventBus", "src\Infrastructure\EventBus\EventBus\EventBus.csproj", "{4A05FD2B-C615-4949-A942-1497A892F77F}"
EndProject
Project("{2150E333-8FDC-42A3-9474-1A3956D46DE8}") = "Identity", "Identity", "{3DABD7FE-E4AA-4400-A18D-F777C245F6DD}"
EndProject
Project("{9A19103F-16F7-4668-BE54-9A1E7A4F7556}") = "Identity.API", "src\Services\Identity\Identity.API\Identity.API.csproj", "{6CE6FB83-C10E-4CA2-9A4F-772A2E7D151F}"
EndProject
Project("{E53339B2-1760-4266-BCC7-CA923CBCF16C}") = "docker-compose", "docker-compose.dcproj", "{F618A231-5500-4704-B1C8-E99A6B5E7CE2}"
EndProject
Project("{2150E333-8FDC-42A3-9474-1A3956D46DE8}") = "Jobs", "Jobs", "{33EC1587-D022-489C-9734-DEE8FBE79686}"
EndProject
Project("{2150E333-8FDC-42A3-9474-1A3956D46DE8}") = "Odds", "Odds", "{CA8A75F4-B1C9-40C8-9F56-D44A5C107A3F}"
EndProject
Project("{2150E333-8FDC-42A3-9474-1A3956D46DE8}") = "Solution Items", "Solution Items", "{01BE3BA0-2AF3-49AF-BBF9-B43E200B709A}"
	ProjectSection(SolutionItems) = preProject
		.travis.yml = .travis.yml
	EndProjectSection
EndProject
Project("{888888A0-9F3D-457C-B088-3A5042F75D52}") = "Odds.Spider", "src\Jobs\Odds\Odds.Spider\Odds.Spider.pyproj", "{4CD518D3-16AA-4243-BC46-A5FFF94E076F}"
EndProject
Global
	GlobalSection(SolutionConfigurationPlatforms) = preSolution
		Debug|Any CPU = Debug|Any CPU
		Release|Any CPU = Release|Any CPU
	EndGlobalSection
	GlobalSection(ProjectConfigurationPlatforms) = postSolution
		{4A05FD2B-C615-4949-A942-1497A892F77F}.Debug|Any CPU.ActiveCfg = Debug|Any CPU
		{4A05FD2B-C615-4949-A942-1497A892F77F}.Debug|Any CPU.Build.0 = Debug|Any CPU
		{4A05FD2B-C615-4949-A942-1497A892F77F}.Release|Any CPU.ActiveCfg = Release|Any CPU
		{4A05FD2B-C615-4949-A942-1497A892F77F}.Release|Any CPU.Build.0 = Release|Any CPU
		{6CE6FB83-C10E-4CA2-9A4F-772A2E7D151F}.Debug|Any CPU.ActiveCfg = Debug|Any CPU
		{6CE6FB83-C10E-4CA2-9A4F-772A2E7D151F}.Debug|Any CPU.Build.0 = Debug|Any CPU
		{6CE6FB83-C10E-4CA2-9A4F-772A2E7D151F}.Release|Any CPU.ActiveCfg = Release|Any CPU
		{6CE6FB83-C10E-4CA2-9A4F-772A2E7D151F}.Release|Any CPU.Build.0 = Release|Any CPU
		{F618A231-5500-4704-B1C8-E99A6B5E7CE2}.Debug|Any CPU.ActiveCfg = Debug|Any CPU
		{F618A231-5500-4704-B1C8-E99A6B5E7CE2}.Release|Any CPU.ActiveCfg = Release|Any CPU
		{F618A231-5500-4704-B1C8-E99A6B5E7CE2}.Release|Any CPU.Build.0 = Release|Any CPU
		{4CD518D3-16AA-4243-BC46-A5FFF94E076F}.Debug|Any CPU.ActiveCfg = Debug|Any CPU
		{4CD518D3-16AA-4243-BC46-A5FFF94E076F}.Release|Any CPU.ActiveCfg = Release|Any CPU
	EndGlobalSection
	GlobalSection(SolutionProperties) = preSolution
		HideSolutionNode = FALSE
	EndGlobalSection
	GlobalSection(NestedProjects) = preSolution
		{90AF3EED-FCB7-48B4-9C7D-26E22F35450C} = {E544DEA9-CB69-42FA-A81A-131FE2952CFA}
		{AEE7F4EF-54A4-4498-B86D-BFAC9AE0008F} = {E544DEA9-CB69-42FA-A81A-131FE2952CFA}
		{83594136-7608-4226-9043-68B62AB50144} = {BD9D219F-6571-44FC-973F-77DB86ECA9EF}
		{ECFD21BC-6B0E-4FCF-A333-F742932A27EB} = {90AF3EED-FCB7-48B4-9C7D-26E22F35450C}
		{4A05FD2B-C615-4949-A942-1497A892F77F} = {ECFD21BC-6B0E-4FCF-A333-F742932A27EB}
		{3DABD7FE-E4AA-4400-A18D-F777C245F6DD} = {AEE7F4EF-54A4-4498-B86D-BFAC9AE0008F}
		{6CE6FB83-C10E-4CA2-9A4F-772A2E7D151F} = {3DABD7FE-E4AA-4400-A18D-F777C245F6DD}
		{33EC1587-D022-489C-9734-DEE8FBE79686} = {E544DEA9-CB69-42FA-A81A-131FE2952CFA}
		{CA8A75F4-B1C9-40C8-9F56-D44A5C107A3F} = {33EC1587-D022-489C-9734-DEE8FBE79686}
		{4CD518D3-16AA-4243-BC46-A5FFF94E076F} = {CA8A75F4-B1C9-40C8-9F56-D44A5C107A3F}
	EndGlobalSection
	GlobalSection(ExtensibilityGlobals) = postSolution
		SolutionGuid = {FBF58BF1-DFFF-41B6-A10A-3F35C5181D56}
	EndGlobalSection
EndGlobal
