
Microsoft Visual Studio Solution File, Format Version 12.00
# Visual Studio 14
VisualStudioVersion = 14.0.25420.1
MinimumVisualStudioVersion = 10.0.40219.1
Project("{2150E333-8FDC-42A3-9474-1A3956D46DE8}") = "src", "src", "{1B048CA6-727A-455B-ABF4-EC4F509E4338}"
EndProject
Project("{2150E333-8FDC-42A3-9474-1A3956D46DE8}") = "Solution Items", "Solution Items", "{E571C499-4889-4F60-AC1E-716878C34B7A}"
	ProjectSection(SolutionItems) = preProject
		global.json = global.json
	EndProjectSection
EndProject
Project("{8BB2217D-0F2D-49D1-97BC-3654ED321F3B}") = "Tipals.Core", "src\Tipals.Core\Tipals.Core.xproj", "{6BF2CE0F-A341-4324-A3FB-5618B25C935A}"
EndProject
Project("{8BB2217D-0F2D-49D1-97BC-3654ED321F3B}") = "Tipals.Api", "src\Tipals.Api\Tipals.Api.xproj", "{A8493DD6-2EA9-498B-ADE7-5044BD57E5FC}"
EndProject
Global
	GlobalSection(SolutionConfigurationPlatforms) = preSolution
		Debug|Any CPU = Debug|Any CPU
		Release|Any CPU = Release|Any CPU
	EndGlobalSection
	GlobalSection(ProjectConfigurationPlatforms) = postSolution
		{6BF2CE0F-A341-4324-A3FB-5618B25C935A}.Debug|Any CPU.ActiveCfg = Debug|Any CPU
		{6BF2CE0F-A341-4324-A3FB-5618B25C935A}.Debug|Any CPU.Build.0 = Debug|Any CPU
		{6BF2CE0F-A341-4324-A3FB-5618B25C935A}.Release|Any CPU.ActiveCfg = Release|Any CPU
		{6BF2CE0F-A341-4324-A3FB-5618B25C935A}.Release|Any CPU.Build.0 = Release|Any CPU
		{A8493DD6-2EA9-498B-ADE7-5044BD57E5FC}.Debug|Any CPU.ActiveCfg = Debug|Any CPU
		{A8493DD6-2EA9-498B-ADE7-5044BD57E5FC}.Debug|Any CPU.Build.0 = Debug|Any CPU
		{A8493DD6-2EA9-498B-ADE7-5044BD57E5FC}.Release|Any CPU.ActiveCfg = Release|Any CPU
		{A8493DD6-2EA9-498B-ADE7-5044BD57E5FC}.Release|Any CPU.Build.0 = Release|Any CPU
	EndGlobalSection
	GlobalSection(SolutionProperties) = preSolution
		HideSolutionNode = FALSE
	EndGlobalSection
	GlobalSection(NestedProjects) = preSolution
		{6BF2CE0F-A341-4324-A3FB-5618B25C935A} = {1B048CA6-727A-455B-ABF4-EC4F509E4338}
		{A8493DD6-2EA9-498B-ADE7-5044BD57E5FC} = {1B048CA6-727A-455B-ABF4-EC4F509E4338}
	EndGlobalSection
EndGlobal
